
Microsoft Visual Studio Solution File, Format Version 12.00
# Visual Studio Version 16
VisualStudioVersion = 16.0.32106.194
MinimumVisualStudioVersion = 10.0.40219.1
Project("{9A19103F-16F7-4668-BE54-9A1E7A4F7556}") = "CovidDoc.Model", "CovidDoc.Model\CovidDoc.Model.csproj", "{A3F57A98-A2F8-4F74-99C4-03374DA3474D}"
EndProject
Project("{FAE04EC0-301F-11D3-BF4B-00C04F79EFBC}") = "CovidDoc.WebApi", "CovidDoc.WebApi\CovidDoc.WebApi.csproj", "{DF16163C-72C4-48FE-B148-9DFF17460492}"
EndProject
Global
	GlobalSection(SolutionConfigurationPlatforms) = preSolution
		Debug|Any CPU = Debug|Any CPU
		Release|Any CPU = Release|Any CPU
	EndGlobalSection
	GlobalSection(ProjectConfigurationPlatforms) = postSolution
		{A3F57A98-A2F8-4F74-99C4-03374DA3474D}.Debug|Any CPU.ActiveCfg = Debug|Any CPU
		{A3F57A98-A2F8-4F74-99C4-03374DA3474D}.Debug|Any CPU.Build.0 = Debug|Any CPU
		{A3F57A98-A2F8-4F74-99C4-03374DA3474D}.Release|Any CPU.ActiveCfg = Release|Any CPU
		{A3F57A98-A2F8-4F74-99C4-03374DA3474D}.Release|Any CPU.Build.0 = Release|Any CPU
		{DF16163C-72C4-48FE-B148-9DFF17460492}.Debug|Any CPU.ActiveCfg = Debug|Any CPU
		{DF16163C-72C4-48FE-B148-9DFF17460492}.Debug|Any CPU.Build.0 = Debug|Any CPU
		{DF16163C-72C4-48FE-B148-9DFF17460492}.Release|Any CPU.ActiveCfg = Release|Any CPU
		{DF16163C-72C4-48FE-B148-9DFF17460492}.Release|Any CPU.Build.0 = Release|Any CPU
	EndGlobalSection
	GlobalSection(SolutionProperties) = preSolution
		HideSolutionNode = FALSE
	EndGlobalSection
	GlobalSection(ExtensibilityGlobals) = postSolution
		SolutionGuid = {778A1BA3-5CC0-4AD9-BC7B-02FC5790D043}
	EndGlobalSection
EndGlobal
